
Microsoft Visual Studio Solution File, Format Version 12.00
# Visual Studio 15
VisualStudioVersion = 15.0.28010.0
MinimumVisualStudioVersion = 10.0.40219.1
Project("{FAE04EC0-301F-11D3-BF4B-00C04F79EFBC}") = "TempConverter.Business", "TempConverter.Business\TempConverter.Business.csproj", "{42828746-70AC-49D1-B3CA-D4E94A530ECD}"
EndProject
Project("{FAE04EC0-301F-11D3-BF4B-00C04F79EFBC}") = "TempConverter.Web", "TempConverter.Web\TempConverter.Web.csproj", "{211C5E83-6414-4D59-B760-BF16CE0A4E63}"
EndProject
Project("{FAE04EC0-301F-11D3-BF4B-00C04F79EFBC}") = "TempConverter.WS", "TempConverter.WS\TempConverter.WS.csproj", "{DC511DDD-4049-4DA5-9FAC-9E84F455A78D}"
EndProject
Global
	GlobalSection(SolutionConfigurationPlatforms) = preSolution
		Debug|Any CPU = Debug|Any CPU
		Release|Any CPU = Release|Any CPU
	EndGlobalSection
	GlobalSection(ProjectConfigurationPlatforms) = postSolution
		{42828746-70AC-49D1-B3CA-D4E94A530ECD}.Debug|Any CPU.ActiveCfg = Debug|Any CPU
		{42828746-70AC-49D1-B3CA-D4E94A530ECD}.Debug|Any CPU.Build.0 = Debug|Any CPU
		{42828746-70AC-49D1-B3CA-D4E94A530ECD}.Release|Any CPU.ActiveCfg = Release|Any CPU
		{42828746-70AC-49D1-B3CA-D4E94A530ECD}.Release|Any CPU.Build.0 = Release|Any CPU
		{211C5E83-6414-4D59-B760-BF16CE0A4E63}.Debug|Any CPU.ActiveCfg = Debug|Any CPU
		{211C5E83-6414-4D59-B760-BF16CE0A4E63}.Debug|Any CPU.Build.0 = Debug|Any CPU
		{211C5E83-6414-4D59-B760-BF16CE0A4E63}.Release|Any CPU.ActiveCfg = Release|Any CPU
		{211C5E83-6414-4D59-B760-BF16CE0A4E63}.Release|Any CPU.Build.0 = Release|Any CPU
		{DC511DDD-4049-4DA5-9FAC-9E84F455A78D}.Debug|Any CPU.ActiveCfg = Debug|Any CPU
		{DC511DDD-4049-4DA5-9FAC-9E84F455A78D}.Debug|Any CPU.Build.0 = Debug|Any CPU
		{DC511DDD-4049-4DA5-9FAC-9E84F455A78D}.Release|Any CPU.ActiveCfg = Release|Any CPU
		{DC511DDD-4049-4DA5-9FAC-9E84F455A78D}.Release|Any CPU.Build.0 = Release|Any CPU
	EndGlobalSection
	GlobalSection(SolutionProperties) = preSolution
		HideSolutionNode = FALSE
	EndGlobalSection
	GlobalSection(ExtensibilityGlobals) = postSolution
		SolutionGuid = {F08B91DD-EE0A-4BDB-90BB-1A88F0A40BEB}
	EndGlobalSection
EndGlobal
